
Microsoft Visual Studio Solution File, Format Version 11.00
# Visual Studio 2010
Project("{FAE04EC0-301F-11D3-BF4B-00C04F79EFBC}") = "Assembly-CSharp", "Assembly-CSharp.csproj", "{8AC17562-9EF9-3935-FDD8-A02A645D1A23}"
EndProject
Project("{FAE04EC0-301F-11D3-BF4B-00C04F79EFBC}") = "Assembly-CSharp-Editor", "Assembly-CSharp-Editor.csproj", "{2ED8F7AD-E1BC-22CA-EDEA-9C7A4E09B100}"
EndProject
Global
	GlobalSection(SolutionConfigurationPlatforms) = preSolution
		Debug|Any CPU = Debug|Any CPU
		Release|Any CPU = Release|Any CPU
	EndGlobalSection
	GlobalSection(ProjectConfigurationPlatforms) = postSolution
		{8AC17562-9EF9-3935-FDD8-A02A645D1A23}.Debug|Any CPU.ActiveCfg = Debug|Any CPU
		{8AC17562-9EF9-3935-FDD8-A02A645D1A23}.Debug|Any CPU.Build.0 = Debug|Any CPU
		{8AC17562-9EF9-3935-FDD8-A02A645D1A23}.Release|Any CPU.ActiveCfg = Release|Any CPU
		{8AC17562-9EF9-3935-FDD8-A02A645D1A23}.Release|Any CPU.Build.0 = Release|Any CPU
		{2ED8F7AD-E1BC-22CA-EDEA-9C7A4E09B100}.Debug|Any CPU.ActiveCfg = Debug|Any CPU
		{2ED8F7AD-E1BC-22CA-EDEA-9C7A4E09B100}.Debug|Any CPU.Build.0 = Debug|Any CPU
		{2ED8F7AD-E1BC-22CA-EDEA-9C7A4E09B100}.Release|Any CPU.ActiveCfg = Release|Any CPU
		{2ED8F7AD-E1BC-22CA-EDEA-9C7A4E09B100}.Release|Any CPU.Build.0 = Release|Any CPU
	EndGlobalSection
	GlobalSection(SolutionProperties) = preSolution
		HideSolutionNode = FALSE
	EndGlobalSection
EndGlobal
